
Microsoft Visual Studio Solution File, Format Version 12.00
# Visual Studio Version 17
VisualStudioVersion = 17.14.36623.8 d17.14
MinimumVisualStudioVersion = 10.0.40219.1
Project("{FAE04EC0-301F-11D3-BF4B-00C04F79EFBC}") = "ProductNewApi", "ProductNewApi\ProductNewApi.csproj", "{882CF212-D2D3-45B7-8F94-C3A43C6DBC81}"
EndProject
Global
	GlobalSection(SolutionConfigurationPlatforms) = preSolution
		Debug|Any CPU = Debug|Any CPU
		Release|Any CPU = Release|Any CPU
	EndGlobalSection
	GlobalSection(ProjectConfigurationPlatforms) = postSolution
		{882CF212-D2D3-45B7-8F94-C3A43C6DBC81}.Debug|Any CPU.ActiveCfg = Debug|Any CPU
		{882CF212-D2D3-45B7-8F94-C3A43C6DBC81}.Debug|Any CPU.Build.0 = Debug|Any CPU
		{882CF212-D2D3-45B7-8F94-C3A43C6DBC81}.Release|Any CPU.ActiveCfg = Release|Any CPU
		{882CF212-D2D3-45B7-8F94-C3A43C6DBC81}.Release|Any CPU.Build.0 = Release|Any CPU
	EndGlobalSection
	GlobalSection(SolutionProperties) = preSolution
		HideSolutionNode = FALSE
	EndGlobalSection
	GlobalSection(ExtensibilityGlobals) = postSolution
		SolutionGuid = {CBA847F5-1592-4023-BA89-2B7354C6C997}
	EndGlobalSection
EndGlobal
